// !$*UTF8*$!
{
	archiveVersion = 1;
	classes = {
	};
	objectVersion = 50;
	objects = {

/* Begin PBXBuildFile section */
		2A3442B62354CAD700627E18 /* AppDelegate.swift in Sources */ = {isa = PBXBuildFile; fileRef = 2A3442B52354CAD700627E18 /* AppDelegate.swift */; };
		2A3442B82354CAD700627E18 /* SceneDelegate.swift in Sources */ = {isa = PBXBuildFile; fileRef = 2A3442B72354CAD700627E18 /* SceneDelegate.swift */; };
		2A3442BA2354CAD700627E18 /* ContentView.swift in Sources */ = {isa = PBXBuildFile; fileRef = 2A3442B92354CAD700627E18 /* ContentView.swift */; };
		2A3442BC2354CADC00627E18 /* Assets.xcassets in Resources */ = {isa = PBXBuildFile; fileRef = 2A3442BB2354CADC00627E18 /* Assets.xcassets */; };
		2A3442BF2354CADC00627E18 /* Preview Assets.xcassets in Resources */ = {isa = PBXBuildFile; fileRef = 2A3442BE2354CADC00627E18 /* Preview Assets.xcassets */; };
		2A3442C22354CADC00627E18 /* LaunchScreen.storyboard in Resources */ = {isa = PBXBuildFile; fileRef = 2A3442C02354CADC00627E18 /* LaunchScreen.storyboard */; };
		2A3442CD2354CADC00627E18 /* SwiftUINavigationLinkTests.swift in Sources */ = {isa = PBXBuildFile; fileRef = 2A3442CC2354CADC00627E18 /* SwiftUINavigationLinkTests.swift */; };
		2A3442D82354CADC00627E18 /* SwiftUINavigationLinkUITests.swift in Sources */ = {isa = PBXBuildFile; fileRef = 2A3442D72354CADC00627E18 /* SwiftUINavigationLinkUITests.swift */; };
/* End PBXBuildFile section */

/* Begin PBXContainerItemProxy section */
		2A3442C92354CADC00627E18 /* PBXContainerItemProxy */ = {
			isa = PBXContainerItemProxy;
			containerPortal = 2A3442AA2354CAD700627E18 /* Project object */;
			proxyType = 1;
			remoteGlobalIDString = 2A3442B12354CAD700627E18;
			remoteInfo = SwiftUINavigationLink;
		};
		2A3442D42354CADC00627E18 /* PBXContainerItemProxy */ = {
			isa = PBXContainerItemProxy;
			containerPortal = 2A3442AA2354CAD700627E18 /* Project object */;
			proxyType = 1;
			remoteGlobalIDString = 2A3442B12354CAD700627E18;
			remoteInfo = SwiftUINavigationLink;
		};
/* End PBXContainerItemProxy section */

/* Begin PBXFileReference section */
		2A3442B22354CAD700627E18 /* SwiftUINavigationLink.app */ = {isa = PBXFileReference; explicitFileType = wrapper.application; includeInIndex = 0; path = SwiftUINavigationLink.app; sourceTree = BUILT_PRODUCTS_DIR; };
		2A3442B52354CAD700627E18 /* AppDelegate.swift */ = {isa = PBXFileReference; lastKnownFileType = sourcecode.swift; path = AppDelegate.swift; sourceTree = "<group>"; };
		2A3442B72354CAD700627E18 /* SceneDelegate.swift */ = {isa = PBXFileReference; lastKnownFileType = sourcecode.swift; path = SceneDelegate.swift; sourceTree = "<group>"; };
		2A3442B92354CAD700627E18 /* ContentView.swift */ = {isa = PBXFileReference; lastKnownFileType = sourcecode.swift; path = ContentView.swift; sourceTree = "<group>"; };
		2A3442BB2354CADC00627E18 /* Assets.xcassets */ = {isa = PBXFileReference; lastKnownFileType = folder.assetcatalog; path = Assets.xcassets; sourceTree = "<group>"; };
		2A3442BE2354CADC00627E18 /* Preview Assets.xcassets */ = {isa = PBXFileReference; lastKnownFileType = folder.assetcatalog; path = "Preview Assets.xcassets"; sourceTree = "<group>"; };
		2A3442C12354CADC00627E18 /* Base */ = {isa = PBXFileReference; lastKnownFileType = file.storyboard; name = Base; path = Base.lproj/LaunchScreen.storyboard; sourceTree = "<group>"; };
		2A3442C32354CADC00627E18 /* Info.plist */ = {isa = PBXFileReference; lastKnownFileType = text.plist.xml; path = Info.plist; sourceTree = "<group>"; };
		2A3442C82354CADC00627E18 /* SwiftUINavigationLinkTests.xctest */ = {isa = PBXFileReference; explicitFileType = wrapper.cfbundle; includeInIndex = 0; path = SwiftUINavigationLinkTests.xctest; sourceTree = BUILT_PRODUCTS_DIR; };
		2A3442CC2354CADC00627E18 /* SwiftUINavigationLinkTests.swift */ = {isa = PBXFileReference; lastKnownFileType = sourcecode.swift; path = SwiftUINavigationLinkTests.swift; sourceTree = "<group>"; };
		2A3442CE2354CADC00627E18 /* Info.plist */ = {isa = PBXFileReference; lastKnownFileType = text.plist.xml; path = Info.plist; sourceTree = "<group>"; };
		2A3442D32354CADC00627E18 /* SwiftUINavigationLinkUITests.xctest */ = {isa = PBXFileReference; explicitFileType = wrapper.cfbundle; includeInIndex = 0; path = SwiftUINavigationLinkUITests.xctest; sourceTree = BUILT_PRODUCTS_DIR; };
		2A3442D72354CADC00627E18 /* SwiftUINavigationLinkUITests.swift */ = {isa = PBXFileReference; lastKnownFileType = sourcecode.swift; path = SwiftUINavigationLinkUITests.swift; sourceTree = "<group>"; };
		2A3442D92354CADC00627E18 /* Info.plist */ = {isa = PBXFileReference; lastKnownFileType = text.plist.xml; path = Info.plist; sourceTree = "<group>"; };
/* End PBXFileReference section */

/* Begin PBXFrameworksBuildPhase section */
		2A3442AF2354CAD700627E18 /* Frameworks */ = {
			isa = PBXFrameworksBuildPhase;
			buildActionMask = 2147483647;
			files = (
			);
			runOnlyForDeploymentPostprocessing = 0;
		};
		2A3442C52354CADC00627E18 /* Frameworks */ = {
			isa = PBXFrameworksBuildPhase;
			buildActionMask = 2147483647;
			files = (
			);
			runOnlyForDeploymentPostprocessing = 0;
		};
		2A3442D02354CADC00627E18 /* Frameworks */ = {
			isa = PBXFrameworksBuildPhase;
			buildActionMask = 2147483647;
			files = (
			);
			runOnlyForDeploymentPostprocessing = 0;
		};
/* End PBXFrameworksBuildPhase section */

/* Begin PBXGroup section */
		2A3442A92354CAD700627E18 = {
			isa = PBXGroup;
			children = (
				2A3442B42354CAD700627E18 /* SwiftUINavigationLink */,
				2A3442CB2354CADC00627E18 /* SwiftUINavigationLinkTests */,
				2A3442D62354CADC00627E18 /* SwiftUINavigationLinkUITests */,
				2A3442B32354CAD700627E18 /* Products */,
			);
			sourceTree = "<group>";
		};
		2A3442B32354CAD700627E18 /* Products */ = {
			isa = PBXGroup;
			children = (
				2A3442B22354CAD700627E18 /* SwiftUINavigationLink.app */,
				2A3442C82354CADC00627E18 /* SwiftUINavigationLinkTests.xctest */,
				2A3442D32354CADC00627E18 /* SwiftUINavigationLinkUITests.xctest */,
			);
			name = Products;
			sourceTree = "<group>";
		};
		2A3442B42354CAD700627E18 /* SwiftUINavigationLink */ = {
			isa = PBXGroup;
			children = (
				2A3442B52354CAD700627E18 /* AppDelegate.swift */,
				2A3442B72354CAD700627E18 /* SceneDelegate.swift */,
				2A3442B92354CAD700627E18 /* ContentView.swift */,
				2A3442BB2354CADC00627E18 /* Assets.xcassets */,
				2A3442C02354CADC00627E18 /* LaunchScreen.storyboard */,
				2A3442C32354CADC00627E18 /* Info.plist */,
				2A3442BD2354CADC00627E18 /* Preview Content */,
			);
			path = SwiftUINavigationLink;
			sourceTree = "<group>";
		};
		2A3442BD2354CADC00627E18 /* Preview Content */ = {
			isa = PBXGroup;
			children = (
				2A3442BE2354CADC00627E18 /* Preview Assets.xcassets */,
			);
			path = "Preview Content";
			sourceTree = "<group>";
		};
		2A3442CB2354CADC00627E18 /* SwiftUINavigationLinkTests */ = {
			isa = PBXGroup;
			children = (
				2A3442CC2354CADC00627E18 /* SwiftUINavigationLinkTests.swift */,
				2A3442CE2354CADC00627E18 /* Info.plist */,
			);
			path = SwiftUINavigationLinkTests;
			sourceTree = "<group>";
		};
		2A3442D62354CADC00627E18 /* SwiftUINavigationLinkUITests */ = {
			isa = PBXGroup;
			children = (
				2A3442D72354CADC00627E18 /* SwiftUINavigationLinkUITests.swift */,
				2A3442D92354CADC00627E18 /* Info.plist */,
			);
			path = SwiftUINavigationLinkUITests;
			sourceTree = "<group>";
		};
/* End PBXGroup section */

/* Begin PBXNativeTarget section */
		2A3442B12354CAD700627E18 /* SwiftUINavigationLink */ = {
			isa = PBXNativeTarget;
			buildConfigurationList = 2A3442DC2354CADC00627E18 /* Build configuration list for PBXNativeTarget "SwiftUINavigationLink" */;
			buildPhases = (
				2A3442AE2354CAD700627E18 /* Sources */,
				2A3442AF2354CAD700627E18 /* Frameworks */,
				2A3442B02354CAD700627E18 /* Resources */,
			);
			buildRules = (
			);
			dependencies = (
			);
			name = SwiftUINavigationLink;
			productName = SwiftUINavigationLink;
			productReference = 2A3442B22354CAD700627E18 /* SwiftUINavigationLink.app */;
			productType = "com.apple.product-type.application";
		};
		2A3442C72354CADC00627E18 /* SwiftUINavigationLinkTests */ = {
			isa = PBXNativeTarget;
			buildConfigurationList = 2A3442DF2354CADC00627E18 /* Build configuration list for PBXNativeTarget "SwiftUINavigationLinkTests" */;
			buildPhases = (
				2A3442C42354CADC00627E18 /* Sources */,
				2A3442C52354CADC00627E18 /* Frameworks */,
				2A3442C62354CADC00627E18 /* Resources */,
			);
			buildRules = (
			);
			dependencies = (
				2A3442CA2354CADC00627E18 /* PBXTargetDependency */,
			);
			name = SwiftUINavigationLinkTests;
			productName = SwiftUINavigationLinkTests;
			productReference = 2A3442C82354CADC00627E18 /* SwiftUINavigationLinkTests.xctest */;
			productType = "com.apple.product-type.bundle.unit-test";
		};
		2A3442D22354CADC00627E18 /* SwiftUINavigationLinkUITests */ = {
			isa = PBXNativeTarget;
			buildConfigurationList = 2A3442E22354CADC00627E18 /* Build configuration list for PBXNativeTarget "SwiftUINavigationLinkUITests" */;
			buildPhases = (
				2A3442CF2354CADC00627E18 /* Sources */,
				2A3442D02354CADC00627E18 /* Frameworks */,
				2A3442D12354CADC00627E18 /* Resources */,
			);
			buildRules = (
			);
			dependencies = (
				2A3442D52354CADC00627E18 /* PBXTargetDependency */,
			);
			name = SwiftUINavigationLinkUITests;
			productName = SwiftUINavigationLinkUITests;
			productReference = 2A3442D32354CADC00627E18 /* SwiftUINavigationLinkUITests.xctest */;
			productType = "com.apple.product-type.bundle.ui-testing";
		};
/* End PBXNativeTarget section */

/* Begin PBXProject section */
		2A3442AA2354CAD700627E18 /* Project object */ = {
			isa = PBXProject;
			attributes = {
				LastSwiftUpdateCheck = 1110;
				LastUpgradeCheck = 1110;
				ORGANIZATIONNAME = "Md Khaled Hasan Manna";
				TargetAttributes = {
					2A3442B12354CAD700627E18 = {
						CreatedOnToolsVersion = 11.1;
					};
					2A3442C72354CADC00627E18 = {
						CreatedOnToolsVersion = 11.1;
						TestTargetID = 2A3442B12354CAD700627E18;
					};
					2A3442D22354CADC00627E18 = {
						CreatedOnToolsVersion = 11.1;
						TestTargetID = 2A3442B12354CAD700627E18;
					};
				};
			};
			buildConfigurationList = 2A3442AD2354CAD700627E18 /* Build configuration list for PBXProject "SwiftUINavigationLink" */;
			compatibilityVersion = "Xcode 9.3";
			developmentRegion = en;
			hasScannedForEncodings = 0;
			knownRegions = (
				en,
				Base,
			);
			mainGroup = 2A3442A92354CAD700627E18;
			productRefGroup = 2A3442B32354CAD700627E18 /* Products */;
			projectDirPath = "";
			projectRoot = "";
			targets = (
				2A3442B12354CAD700627E18 /* SwiftUINavigationLink */,
				2A3442C72354CADC00627E18 /* SwiftUINavigationLinkTests */,
				2A3442D22354CADC00627E18 /* SwiftUINavigationLinkUITests */,
			);
		};
/* End PBXProject section */

/* Begin PBXResourcesBuildPhase section */
		2A3442B02354CAD700627E18 /* Resources */ = {
			isa = PBXResourcesBuildPhase;
			buildActionMask = 2147483647;
			files = (
				2A3442C22354CADC00627E18 /* LaunchScreen.storyboard in Resources */,
				2A3442BF2354CADC00627E18 /* Preview Assets.xcassets in Resources */,
				2A3442BC2354CADC00627E18 /* Assets.xcassets in Resources */,
			);
			runOnlyForDeploymentPostprocessing = 0;
		};
		2A3442C62354CADC00627E18 /* Resources */ = {
			isa = PBXResourcesBuildPhase;
			buildActionMask = 2147483647;
			files = (
			);
			runOnlyForDeploymentPostprocessing = 0;
		};
		2A3442D12354CADC00627E18 /* Resources */ = {
			isa = PBXResourcesBuildPhase;
			buildActionMask = 2147483647;
			files = (
			);
			runOnlyForDeploymentPostprocessing = 0;
		};
/* End PBXResourcesBuildPhase section */

/* Begin PBXSourcesBuildPhase section */
		2A3442AE2354CAD700627E18 /* Sources */ = {
			isa = PBXSourcesBuildPhase;
			buildActionMask = 2147483647;
			files = (
				2A3442B62354CAD700627E18 /* AppDelegate.swift in Sources */,
				2A3442B82354CAD700627E18 /* SceneDelegate.swift in Sources */,
				2A3442BA2354CAD700627E18 /* ContentView.swift in Sources */,
			);
			runOnlyForDeploymentPostprocessing = 0;
		};
		2A3442C42354CADC00627E18 /* Sources */ = {
			isa = PBXSourcesBuildPhase;
			buildActionMask = 2147483647;
			files = (
				2A3442CD2354CADC00627E18 /* SwiftUINavigationLinkTests.swift in Sources */,
			);
			runOnlyForDeploymentPostprocessing = 0;
		};
		2A3442CF2354CADC00627E18 /* Sources */ = {
			isa = PBXSourcesBuildPhase;
			buildActionMask = 2147483647;
			files = (
				2A3442D82354CADC00627E18 /* SwiftUINavigationLinkUITests.swift in Sources */,
			);
			runOnlyForDeploymentPostprocessing = 0;
		};
/* End PBXSourcesBuildPhase section */

/* Begin PBXTargetDependency section */
		2A3442CA2354CADC00627E18 /* PBXTargetDependency */ = {
			isa = PBXTargetDependency;
			target = 2A3442B12354CAD700627E18 /* SwiftUINavigationLink */;
			targetProxy = 2A3442C92354CADC00627E18 /* PBXContainerItemProxy */;
		};
		2A3442D52354CADC00627E18 /* PBXTargetDependency */ = {
			isa = PBXTargetDependency;
			target = 2A3442B12354CAD700627E18 /* SwiftUINavigationLink */;
			targetProxy = 2A3442D42354CADC00627E18 /* PBXContainerItemProxy */;
		};
/* End PBXTargetDependency section */

/* Begin PBXVariantGroup section */
		2A3442C02354CADC00627E18 /* LaunchScreen.storyboard */ = {
			isa = PBXVariantGroup;
			children = (
				2A3442C12354CADC00627E18 /* Base */,
			);
			name = LaunchScreen.storyboard;
			sourceTree = "<group>";
		};
/* End PBXVariantGroup section */

/* Begin XCBuildConfiguration section */
		2A3442DA2354CADC00627E18 /* Debug */ = {
			isa = XCBuildConfiguration;
			buildSettings = {
				ALWAYS_SEARCH_USER_PATHS = NO;
				CLANG_ANALYZER_NONNULL = YES;
				CLANG_ANALYZER_NUMBER_OBJECT_CONVERSION = YES_AGGRESSIVE;
				CLANG_CXX_LANGUAGE_STANDARD = "gnu++14";
				CLANG_CXX_LIBRARY = "libc++";
				CLANG_ENABLE_MODULES = YES;
				CLANG_ENABLE_OBJC_ARC = YES;
				CLANG_ENABLE_OBJC_WEAK = YES;
				CLANG_WARN_BLOCK_CAPTURE_AUTORELEASING = YES;
				CLANG_WARN_BOOL_CONVERSION = YES;
				CLANG_WARN_COMMA = YES;
				CLANG_WARN_CONSTANT_CONVERSION = YES;
				CLANG_WARN_DEPRECATED_OBJC_IMPLEMENTATIONS = YES;
				CLANG_WARN_DIRECT_OBJC_ISA_USAGE = YES_ERROR;
				CLANG_WARN_DOCUMENTATION_COMMENTS = YES;
				CLANG_WARN_EMPTY_BODY = YES;
				CLANG_WARN_ENUM_CONVERSION = YES;
				CLANG_WARN_INFINITE_RECURSION = YES;
				CLANG_WARN_INT_CONVERSION = YES;
				CLANG_WARN_NON_LITERAL_NULL_CONVERSION = YES;
				CLANG_WARN_OBJC_IMPLICIT_RETAIN_SELF = YES;
				CLANG_WARN_OBJC_LITERAL_CONVERSION = YES;
				CLANG_WARN_OBJC_ROOT_CLASS = YES_ERROR;
				CLANG_WARN_RANGE_LOOP_ANALYSIS = YES;
				CLANG_WARN_STRICT_PROTOTYPES = YES;
				CLANG_WARN_SUSPICIOUS_MOVE = YES;
				CLANG_WARN_UNGUARDED_AVAILABILITY = YES_AGGRESSIVE;
				CLANG_WARN_UNREACHABLE_CODE = YES;
				CLANG_WARN__DUPLICATE_METHOD_MATCH = YES;
				COPY_PHASE_STRIP = NO;
				DEBUG_INFORMATION_FORMAT = dwarf;
				ENABLE_STRICT_OBJC_MSGSEND = YES;
				ENABLE_TESTABILITY = YES;
				GCC_C_LANGUAGE_STANDARD = gnu11;
				GCC_DYNAMIC_NO_PIC = NO;
				GCC_NO_COMMON_BLOCKS = YES;
				GCC_OPTIMIZATION_LEVEL = 0;
				GCC_PREPROCESSOR_DEFINITIONS = (
					"DEBUG=1",
					"$(inherited)",
				);
				GCC_WARN_64_TO_32_BIT_CONVERSION = YES;
				GCC_WARN_ABOUT_RETURN_TYPE = YES_ERROR;
				GCC_WARN_UNDECLARED_SELECTOR = YES;
				GCC_WARN_UNINITIALIZED_AUTOS = YES_AGGRESSIVE;
				GCC_WARN_UNUSED_FUNCTION = YES;
				GCC_WARN_UNUSED_VARIABLE = YES;
				IPHONEOS_DEPLOYMENT_TARGET = 13.1;
				MTL_ENABLE_DEBUG_INFO = INCLUDE_SOURCE;
				MTL_FAST_MATH = YES;
				ONLY_ACTIVE_ARCH = YES;
				SDKROOT = iphoneos;
				SWIFT_ACTIVE_COMPILATION_CONDITIONS = DEBUG;
				SWIFT_OPTIMIZATION_LEVEL = "-Onone";
			};
			name = Debug;
		};
		2A3442DB2354CADC00627E18 /* Release */ = {
			isa = XCBuildConfiguration;
			buildSettings = {
				ALWAYS_SEARCH_USER_PATHS = NO;
				CLANG_ANALYZER_NONNULL = YES;
				CLANG_ANALYZER_NUMBER_OBJECT_CONVERSION = YES_AGGRESSIVE;
				CLANG_CXX_LANGUAGE_STANDARD = "gnu++14";
				CLANG_CXX_LIBRARY = "libc++";
				CLANG_ENABLE_MODULES = YES;
				CLANG_ENABLE_OBJC_ARC = YES;
				CLANG_ENABLE_OBJC_WEAK = YES;
				CLANG_WARN_BLOCK_CAPTURE_AUTORELEASING = YES;
				CLANG_WARN_BOOL_CONVERSION = YES;
				CLANG_WARN_COMMA = YES;
				CLANG_WARN_CONSTANT_CONVERSION = YES;
				CLANG_WARN_DEPRECATED_OBJC_IMPLEMENTATIONS = YES;
				CLANG_WARN_DIRECT_OBJC_ISA_USAGE = YES_ERROR;
				CLANG_WARN_DOCUMENTATION_COMMENTS = YES;
				CLANG_WARN_EMPTY_BODY = YES;
				CLANG_WARN_ENUM_CONVERSION = YES;
				CLANG_WARN_INFINITE_RECURSION = YES;
				CLANG_WARN_INT_CONVERSION = YES;
				CLANG_WARN_NON_LITERAL_NULL_CONVERSION = YES;
				CLANG_WARN_OBJC_IMPLICIT_RETAIN_SELF = YES;
				CLANG_WARN_OBJC_LITERAL_CONVERSION = YES;
				CLANG_WARN_OBJC_ROOT_CLASS = YES_ERROR;
				CLANG_WARN_RANGE_LOOP_ANALYSIS = YES;
				CLANG_WARN_STRICT_PROTOTYPES = YES;
				CLANG_WARN_SUSPICIOUS_MOVE = YES;
				CLANG_WARN_UNGUARDED_AVAILABILITY = YES_AGGRESSIVE;
				CLANG_WARN_UNREACHABLE_CODE = YES;
				CLANG_WARN__DUPLICATE_METHOD_MATCH = YES;
				COPY_PHASE_STRIP = NO;
				DEBUG_INFORMATION_FORMAT = "dwarf-with-dsym";
				ENABLE_NS_ASSERTIONS = NO;
				ENABLE_STRICT_OBJC_MSGSEND = YES;
				GCC_C_LANGUAGE_STANDARD = gnu11;
				GCC_NO_COMMON_BLOCKS = YES;
				GCC_WARN_64_TO_32_BIT_CONVERSION = YES;
				GCC_WARN_ABOUT_RETURN_TYPE = YES_ERROR;
				GCC_WARN_UNDECLARED_SELECTOR = YES;
				GCC_WARN_UNINITIALIZED_AUTOS = YES_AGGRESSIVE;
				GCC_WARN_UNUSED_FUNCTION = YES;
				GCC_WARN_UNUSED_VARIABLE = YES;
				IPHONEOS_DEPLOYMENT_TARGET = 13.1;
				MTL_ENABLE_DEBUG_INFO = NO;
				MTL_FAST_MATH = YES;
				SDKROOT = iphoneos;
				SWIFT_COMPILATION_MODE = wholemodule;
				SWIFT_OPTIMIZATION_LEVEL = "-O";
				VALIDATE_PRODUCT = YES;
			};
			name = Release;
		};
		2A3442DD2354CADC00627E18 /* Debug */ = {
			isa = XCBuildConfiguration;
			buildSettings = {
				ASSETCATALOG_COMPILER_APPICON_NAME = AppIcon;
				CODE_SIGN_STYLE = Automatic;
				DEVELOPMENT_ASSET_PATHS = "\"SwiftUINavigationLink/Preview Content\"";
				ENABLE_PREVIEWS = YES;
				INFOPLIST_FILE = SwiftUINavigationLink/Info.plist;
				LD_RUNPATH_SEARCH_PATHS = (
					"$(inherited)",
					"@executable_path/Frameworks",
				);
				PRODUCT_BUNDLE_IDENTIFIER = com.ict.manna.SwiftUINavigationLink;
				PRODUCT_NAME = "$(TARGET_NAME)";
				SWIFT_VERSION = 5.0;
				TARGETED_DEVICE_FAMILY = "1,2";
			};
			name = Debug;
		};
		2A3442DE2354CADC00627E18 /* Release */ = {
			isa = XCBuildConfiguration;
			buildSettings = {
				ASSETCATALOG_COMPILER_APPICON_NAME = AppIcon;
				CODE_SIGN_STYLE = Automatic;
				DEVELOPMENT_ASSET_PATHS = "\"SwiftUINavigationLink/Preview Content\"";
				ENABLE_PREVIEWS = YES;
				INFOPLIST_FILE = SwiftUINavigationLink/Info.plist;
				LD_RUNPATH_SEARCH_PATHS = (
					"$(inherited)",
					"@executable_path/Frameworks",
				);
				PRODUCT_BUNDLE_IDENTIFIER = com.ict.manna.SwiftUINavigationLink;
				PRODUCT_NAME = "$(TARGET_NAME)";
				SWIFT_VERSION = 5.0;
				TARGETED_DEVICE_FAMILY = "1,2";
			};
			name = Release;
		};
		2A3442E02354CADC00627E18 /* Debug */ = {
			isa = XCBuildConfiguration;
			buildSettings = {
				ALWAYS_EMBED_SWIFT_STANDARD_LIBRARIES = YES;
				BUNDLE_LOADER = "$(TEST_HOST)";
				CODE_SIGN_STYLE = Automatic;
				INFOPLIST_FILE = SwiftUINavigationLinkTests/Info.plist;
				IPHONEOS_DEPLOYMENT_TARGET = 13.1;
				LD_RUNPATH_SEARCH_PATHS = (
					"$(inherited)",
					"@executable_path/Frameworks",
					"@loader_path/Frameworks",
				);
				PRODUCT_BUNDLE_IDENTIFIER = com.ict.manna.SwiftUINavigationLinkTests;
				PRODUCT_NAME = "$(TARGET_NAME)";
				SWIFT_VERSION = 5.0;
				TARGETED_DEVICE_FAMILY = "1,2";
				TEST_HOST = "$(BUILT_PRODUCTS_DIR)/SwiftUINavigationLink.app/SwiftUINavigationLink";
			};
			name = Debug;
		};
		2A3442E12354CADC00627E18 /* Release */ = {
			isa = XCBuildConfiguration;
			buildSettings = {
				ALWAYS_EMBED_SWIFT_STANDARD_LIBRARIES = YES;
				BUNDLE_LOADER = "$(TEST_HOST)";
				CODE_SIGN_STYLE = Automatic;
				INFOPLIST_FILE = SwiftUINavigationLinkTests/Info.plist;
				IPHONEOS_DEPLOYMENT_TARGET = 13.1;
				LD_RUNPATH_SEARCH_PATHS = (
					"$(inherited)",
					"@executable_path/Frameworks",
					"@loader_path/Frameworks",
				);
				PRODUCT_BUNDLE_IDENTIFIER = com.ict.manna.SwiftUINavigationLinkTests;
				PRODUCT_NAME = "$(TARGET_NAME)";
				SWIFT_VERSION = 5.0;
				TARGETED_DEVICE_FAMILY = "1,2";
				TEST_HOST = "$(BUILT_PRODUCTS_DIR)/SwiftUINavigationLink.app/SwiftUINavigationLink";
			};
			name = Release;
		};
		2A3442E32354CADC00627E18 /* Debug */ = {
			isa = XCBuildConfiguration;
			buildSettings = {
				ALWAYS_EMBED_SWIFT_STANDARD_LIBRARIES = YES;
				CODE_SIGN_STYLE = Automatic;
				INFOPLIST_FILE = SwiftUINavigationLinkUITests/Info.plist;
				LD_RUNPATH_SEARCH_PATHS = (
					"$(inherited)",
					"@executable_path/Frameworks",
					"@loader_path/Frameworks",
				);
				PRODUCT_BUNDLE_IDENTIFIER = com.ict.manna.SwiftUINavigationLinkUITests;
				PRODUCT_NAME = "$(TARGET_NAME)";
				SWIFT_VERSION = 5.0;
				TARGETED_DEVICE_FAMILY = "1,2";
				TEST_TARGET_NAME = SwiftUINavigationLink;
			};
			name = Debug;
		};
		2A3442E42354CADC00627E18 /* Release */ = {
			isa = XCBuildConfiguration;
			buildSettings = {
				ALWAYS_EMBED_SWIFT_STANDARD_LIBRARIES = YES;
				CODE_SIGN_STYLE = Automatic;
				INFOPLIST_FILE = SwiftUINavigationLinkUITests/Info.plist;
				LD_RUNPATH_SEARCH_PATHS = (
					"$(inherited)",
					"@executable_path/Frameworks",
					"@loader_path/Frameworks",
				);
				PRODUCT_BUNDLE_IDENTIFIER = com.ict.manna.SwiftUINavigationLinkUITests;
				PRODUCT_NAME = "$(TARGET_NAME)";
				SWIFT_VERSION = 5.0;
				TARGETED_DEVICE_FAMILY = "1,2";
				TEST_TARGET_NAME = SwiftUINavigationLink;
			};
			name = Release;
		};
/* End XCBuildConfiguration section */

/* Begin XCConfigurationList section */
		2A3442AD2354CAD700627E18 /* Build configuration list for PBXProject "SwiftUINavigationLink" */ = {
			isa = XCConfigurationList;
			buildConfigurations = (
				2A3442DA2354CADC00627E18 /* Debug */,
				2A3442DB2354CADC00627E18 /* Release */,
			);
			defaultConfigurationIsVisible = 0;
			defaultConfigurationName = Release;
		};
		2A3442DC2354CADC00627E18 /* Build configuration list for PBXNativeTarget "SwiftUINavigationLink" */ = {
			isa = XCConfigurationList;
			buildConfigurations = (
				2A3442DD2354CADC00627E18 /* Debug */,
				2A3442DE2354CADC00627E18 /* Release */,
			);
			defaultConfigurationIsVisible = 0;
			defaultConfigurationName = Release;
		};
		2A3442DF2354CADC00627E18 /* Build configuration list for PBXNativeTarget "SwiftUINavigationLinkTests" */ = {
			isa = XCConfigurationList;
			buildConfigurations = (
				2A3442E02354CADC00627E18 /* Debug */,
				2A3442E12354CADC00627E18 /* Release */,
			);
			defaultConfigurationIsVisible = 0;
			defaultConfigurationName = Release;
		};
		2A3442E22354CADC00627E18 /* Build configuration list for PBXNativeTarget "SwiftUINavigationLinkUITests" */ = {
			isa = XCConfigurationList;
			buildConfigurations = (
				2A3442E32354CADC00627E18 /* Debug */,
				2A3442E42354CADC00627E18 /* Release */,
			);
			defaultConfigurationIsVisible = 0;
			defaultConfigurationName = Release;
		};
/* End XCConfigurationList section */
	};
	rootObject = 2A3442AA2354CAD700627E18 /* Project object */;
}
